
Microsoft Visual Studio Solution File, Format Version 12.00
# Visual Studio Version 17
VisualStudioVersion = 17.7.34221.43
MinimumVisualStudioVersion = 10.0.40219.1
Project("{FAE04EC0-301F-11D3-BF4B-00C04F79EFBC}") = "tgBotEntityFramework", "tgBotEntityFramework\tgBotEntityFramework.csproj", "{81035B6C-981A-479D-8035-830712A5D5EE}"
EndProject
Global
	GlobalSection(SolutionConfigurationPlatforms) = preSolution
		Debug|Any CPU = Debug|Any CPU
		Release|Any CPU = Release|Any CPU
	EndGlobalSection
	GlobalSection(ProjectConfigurationPlatforms) = postSolution
		{81035B6C-981A-479D-8035-830712A5D5EE}.Debug|Any CPU.ActiveCfg = Debug|Any CPU
		{81035B6C-981A-479D-8035-830712A5D5EE}.Debug|Any CPU.Build.0 = Debug|Any CPU
		{81035B6C-981A-479D-8035-830712A5D5EE}.Release|Any CPU.ActiveCfg = Release|Any CPU
		{81035B6C-981A-479D-8035-830712A5D5EE}.Release|Any CPU.Build.0 = Release|Any CPU
	EndGlobalSection
	GlobalSection(SolutionProperties) = preSolution
		HideSolutionNode = FALSE
	EndGlobalSection
	GlobalSection(ExtensibilityGlobals) = postSolution
		SolutionGuid = {5A343C1B-5835-42B0-BD94-BE3B2C21E044}
	EndGlobalSection
EndGlobal
